
Microsoft Visual Studio Solution File, Format Version 12.00
# Visual Studio Version 16
VisualStudioVersion = 16.0.29920.165
MinimumVisualStudioVersion = 10.0.40219.1
Project("{FAE04EC0-301F-11D3-BF4B-00C04F79EFBC}") = "ProjectTaskManager", "ProjectManager\ProjectTaskManager.csproj", "{72C1E7DE-6A61-429F-A130-A198B7C4F5CA}"
EndProject
Global
	GlobalSection(SolutionConfigurationPlatforms) = preSolution
		Debug|Any CPU = Debug|Any CPU
		Release|Any CPU = Release|Any CPU
	EndGlobalSection
	GlobalSection(ProjectConfigurationPlatforms) = postSolution
		{72C1E7DE-6A61-429F-A130-A198B7C4F5CA}.Debug|Any CPU.ActiveCfg = Debug|Any CPU
		{72C1E7DE-6A61-429F-A130-A198B7C4F5CA}.Debug|Any CPU.Build.0 = Debug|Any CPU
		{72C1E7DE-6A61-429F-A130-A198B7C4F5CA}.Release|Any CPU.ActiveCfg = Release|Any CPU
		{72C1E7DE-6A61-429F-A130-A198B7C4F5CA}.Release|Any CPU.Build.0 = Release|Any CPU
	EndGlobalSection
	GlobalSection(SolutionProperties) = preSolution
		HideSolutionNode = FALSE
	EndGlobalSection
	GlobalSection(ExtensibilityGlobals) = postSolution
		SolutionGuid = {8E45E18A-CE46-4794-8533-72E299843D47}
	EndGlobalSection
EndGlobal
